
Microsoft Visual Studio Solution File, Format Version 12.00
# Visual Studio Version 17
VisualStudioVersion = 17.5.001.0
MinimumVisualStudioVersion = 10.0.40219.1
Project("{9A19103F-16F7-4668-BE54-9A1E7A4F7556}") = "04.1_pomoFocus", "04.1_pomoFocus.csproj", "{4975D862-5C16-4F3B-AAB4-FF9EF25F09DD}"
EndProject
Global
	GlobalSection(SolutionConfigurationPlatforms) = preSolution
		Debug|Any CPU = Debug|Any CPU
		Release|Any CPU = Release|Any CPU
	EndGlobalSection
	GlobalSection(ProjectConfigurationPlatforms) = postSolution
		{4975D862-5C16-4F3B-AAB4-FF9EF25F09DD}.Debug|Any CPU.ActiveCfg = Debug|Any CPU
		{4975D862-5C16-4F3B-AAB4-FF9EF25F09DD}.Debug|Any CPU.Build.0 = Debug|Any CPU
		{4975D862-5C16-4F3B-AAB4-FF9EF25F09DD}.Release|Any CPU.ActiveCfg = Release|Any CPU
		{4975D862-5C16-4F3B-AAB4-FF9EF25F09DD}.Release|Any CPU.Build.0 = Release|Any CPU
	EndGlobalSection
	GlobalSection(SolutionProperties) = preSolution
		HideSolutionNode = FALSE
	EndGlobalSection
	GlobalSection(ExtensibilityGlobals) = postSolution
		SolutionGuid = {9E4A9CDF-E45A-4D93-AEDA-80F3C2E45CBF}
	EndGlobalSection
EndGlobal
